
Microsoft Visual Studio Solution File, Format Version 12.00
# Visual Studio Version 16
VisualStudioVersion = 16.0.30002.166
MinimumVisualStudioVersion = 10.0.40219.1
Project("{FAE04EC0-301F-11D3-BF4B-00C04F79EFBC}") = "TaylorSwiftAPI", "TaylorSwiftAPI\TaylorSwiftAPI.csproj", "{A8D67221-A442-4992-BFDE-FC1FD228AAE7}"
EndProject
Global
	GlobalSection(SolutionConfigurationPlatforms) = preSolution
		Debug|Any CPU = Debug|Any CPU
		Release|Any CPU = Release|Any CPU
	EndGlobalSection
	GlobalSection(ProjectConfigurationPlatforms) = postSolution
		{A8D67221-A442-4992-BFDE-FC1FD228AAE7}.Debug|Any CPU.ActiveCfg = Debug|Any CPU
		{A8D67221-A442-4992-BFDE-FC1FD228AAE7}.Debug|Any CPU.Build.0 = Debug|Any CPU
		{A8D67221-A442-4992-BFDE-FC1FD228AAE7}.Release|Any CPU.ActiveCfg = Release|Any CPU
		{A8D67221-A442-4992-BFDE-FC1FD228AAE7}.Release|Any CPU.Build.0 = Release|Any CPU
	EndGlobalSection
	GlobalSection(SolutionProperties) = preSolution
		HideSolutionNode = FALSE
	EndGlobalSection
	GlobalSection(ExtensibilityGlobals) = postSolution
		SolutionGuid = {E3421E8C-EC1E-4D74-B044-980B29822EB0}
	EndGlobalSection
EndGlobal
